<?xml version="1.0" encoding="utf-8"?>
<Project ToolsVersion="4.0" xmlns="http://schemas.microsoft.com/developer/msbuild/2003">
  <ItemGroup>
    <ClCompile Include="Main.cpp" />
    <ClCompile Include="Stdafx.cpp" />
    <ClCompile Include="MultisamplingApp.cpp" />
  </ItemGroup>
  <ItemGroup>
    <ClInclude Include="Stdafx.h" />
    <ClInclude Include="MultisamplingApp.h" />
  </ItemGroup>
  <ItemGroup>
    <Filter Include="Shaders">
      <UniqueIdentifier>{2597dfd2-def3-475e-b3a2-220dcccc0d3c}</UniqueIdentifier>
    </Filter>
  </ItemGroup>
  <ItemGroup>
    <CustomBuild Include="Shaders\MeshPS.hlsl">
      <Filter>Shaders</Filter>
    </CustomBuild>
    <CustomBuild Include="Shaders\MeshVS.hlsl">
      <Filter>Shaders</Filter>
    </CustomBuild>
  </ItemGroup>
  <ItemGroup>
    <None Include="packages.config" />
  </ItemGroup>
</Project>