<?xml version="1.0" encoding="utf-8"?>
<Project ToolsVersion="4.0" xmlns="http://schemas.microsoft.com/developer/msbuild/2003">
  <ItemGroup>
    <ClInclude Include="Stdafx.h" />
    <ClInclude Include="Application.h" />
    <ClInclude Include="Utility.h" />
    <ClInclude Include="DX12\SwapChain12.h">
      <Filter>Graphics\DX12</Filter>
    </ClInclude>
    <ClInclude Include="VK\SwapChainVk.h">
      <Filter>Graphics\VK</Filter>
    </ClInclude>
    <ClInclude Include="GraphicsDevice.h">
      <Filter>Graphics</Filter>
    </ClInclude>
    <ClInclude Include="DX12\GraphicsDevice12.h">
      <Filter>Graphics\DX12</Filter>
    </ClInclude>
    <ClInclude Include="VK\GraphicsDeviceVk.h">
      <Filter>Graphics\VK</Filter>
    </ClInclude>
    <ClInclude Include="DX12\CommandListManager12.h">
      <Filter>Graphics\DX12</Filter>
    </ClInclude>
    <ClInclude Include="DX12\CommandAllocatorPool12.h">
      <Filter>Graphics\DX12</Filter>
    </ClInclude>
    <ClInclude Include="Math\CommonMath.h">
      <Filter>Math</Filter>
    </ClInclude>
    <ClInclude Include="Math\Scalar.h">
      <Filter>Math</Filter>
    </ClInclude>
    <ClInclude Include="Math\Vector.h">
      <Filter>Math</Filter>
    </ClInclude>
    <ClInclude Include="Math\Quaternion.h">
      <Filter>Math</Filter>
    </ClInclude>
    <ClInclude Include="Math\Matrix3.h">
      <Filter>Math</Filter>
    </ClInclude>
    <ClInclude Include="Math\Transform.h">
      <Filter>Math</Filter>
    </ClInclude>
    <ClInclude Include="Math\Matrix4.h">
      <Filter>Math</Filter>
    </ClInclude>
    <ClInclude Include="VectorMath.h" />
    <ClInclude Include="Math\BoundingPlane.h">
      <Filter>Math</Filter>
    </ClInclude>
    <ClInclude Include="Math\BoundingSphere.h">
      <Filter>Math</Filter>
    </ClInclude>
    <ClInclude Include="Math\Frustum.h">
      <Filter>Math</Filter>
    </ClInclude>
    <ClInclude Include="Camera.h">
      <Filter>Graphics</Filter>
    </ClInclude>
    <ClInclude Include="GpuResource.h">
      <Filter>Graphics</Filter>
    </ClInclude>
    <ClInclude Include="VK\GpuResourceVk.h">
      <Filter>Graphics\VK</Filter>
    </ClInclude>
    <ClInclude Include="DX12\GpuResource12.h">
      <Filter>Graphics\DX12</Filter>
    </ClInclude>
    <ClInclude Include="GpuBuffer.h">
      <Filter>Graphics</Filter>
    </ClInclude>
    <ClInclude Include="VK\GpuBufferVk.h">
      <Filter>Graphics\VK</Filter>
    </ClInclude>
    <ClInclude Include="DX12\GpuBuffer12.h">
      <Filter>Graphics\DX12</Filter>
    </ClInclude>
    <ClInclude Include="CommandContext.h">
      <Filter>Graphics</Filter>
    </ClInclude>
    <ClInclude Include="VK\CommandContextVk.h">
      <Filter>Graphics\VK</Filter>
    </ClInclude>
    <ClInclude Include="DX12\CommandContext12.h">
      <Filter>Graphics\DX12</Filter>
    </ClInclude>
    <ClInclude Include="NonCopyable.h" />
    <ClInclude Include="VK\CommandBufferPoolVk.h">
      <Filter>Graphics\VK</Filter>
    </ClInclude>
    <ClInclude Include="DX12\DescriptorHeap12.h">
      <Filter>Graphics\DX12</Filter>
    </ClInclude>
    <ClInclude Include="DX12\LinearAllocator12.h">
      <Filter>Graphics\DX12</Filter>
    </ClInclude>
    <ClInclude Include="SwapChain.h">
      <Filter>Graphics</Filter>
    </ClInclude>
    <ClInclude Include="Filesystem.h" />
    <ClInclude Include="DX12\RootSignature12.h">
      <Filter>Graphics\DX12</Filter>
    </ClInclude>
    <ClInclude Include="Hash.h" />
    <ClInclude Include="RootSignature.h">
      <Filter>Graphics</Filter>
    </ClInclude>
    <ClInclude Include="VK\RootSignatureVk.h">
      <Filter>Graphics\VK</Filter>
    </ClInclude>
    <ClInclude Include="PipelineState.h">
      <Filter>Graphics</Filter>
    </ClInclude>
    <ClInclude Include="DX12\PipelineState12.h">
      <Filter>Graphics\DX12</Filter>
    </ClInclude>
    <ClInclude Include="VK\PipelineStateVk.h">
      <Filter>Graphics\VK</Filter>
    </ClInclude>
    <ClInclude Include="Shader.h">
      <Filter>Graphics</Filter>
    </ClInclude>
    <ClInclude Include="BinaryReader.h" />
    <ClInclude Include="PixelBuffer.h">
      <Filter>Graphics</Filter>
    </ClInclude>
    <ClInclude Include="DX12\PixelBuffer12.h">
      <Filter>Graphics\DX12</Filter>
    </ClInclude>
    <ClInclude Include="VK\PixelBufferVk.h">
      <Filter>Graphics\VK</Filter>
    </ClInclude>
    <ClInclude Include="VK\ColorBuffer.h">
      <Filter>Graphics</Filter>
    </ClInclude>
    <ClInclude Include="DX12\ColorBuffer12.h">
      <Filter>Graphics\DX12</Filter>
    </ClInclude>
    <ClInclude Include="VK\ColorBufferVk.h">
      <Filter>Graphics\VK</Filter>
    </ClInclude>
    <ClInclude Include="Color.h" />
    <ClInclude Include="DepthBuffer.h">
      <Filter>Graphics</Filter>
    </ClInclude>
    <ClInclude Include="DX12\DepthBuffer12.h">
      <Filter>Graphics\DX12</Filter>
    </ClInclude>
    <ClInclude Include="VK\DepthBufferVk.h">
      <Filter>Graphics\VK</Filter>
    </ClInclude>
    <ClInclude Include="Framebuffer.h">
      <Filter>Graphics</Filter>
    </ClInclude>
    <ClInclude Include="DX12\Framebuffer12.h">
      <Filter>Graphics\DX12</Filter>
    </ClInclude>
    <ClInclude Include="VK\FramebufferVk.h">
      <Filter>Graphics\VK</Filter>
    </ClInclude>
    <ClInclude Include="RenderPass.h">
      <Filter>Graphics</Filter>
    </ClInclude>
    <ClInclude Include="DX12\RenderPass12.h">
      <Filter>Graphics\DX12</Filter>
    </ClInclude>
    <ClInclude Include="VK\RenderPassVk.h">
      <Filter>Graphics\VK</Filter>
    </ClInclude>
    <ClInclude Include="GraphicsEnums.h">
      <Filter>Graphics</Filter>
    </ClInclude>
    <ClInclude Include="VK\GraphicsEnumsVk.h">
      <Filter>Graphics\VK</Filter>
    </ClInclude>
    <ClInclude Include="DX12\GraphicsEnums12.h">
      <Filter>Graphics\DX12</Filter>
    </ClInclude>
    <ClInclude Include="BitmaskEnum.h" />
    <ClInclude Include="CommonStates.h">
      <Filter>Graphics</Filter>
    </ClInclude>
    <ClInclude Include="InputLayout.h">
      <Filter>Graphics</Filter>
    </ClInclude>
    <ClInclude Include="DescriptorHeap.h">
      <Filter>Graphics</Filter>
    </ClInclude>
    <ClInclude Include="VK\DescriptorHeapVk.h">
      <Filter>Graphics\VK</Filter>
    </ClInclude>
    <ClInclude Include="VK\DynamicDescriptorPoolVk.h">
      <Filter>Graphics\VK</Filter>
    </ClInclude>
    <ClInclude Include="VK\CommandListManagerVk.h">
      <Filter>Graphics\VK</Filter>
    </ClInclude>
    <ClInclude Include="SamplerState.h">
      <Filter>Graphics</Filter>
    </ClInclude>
    <ClInclude Include="Texture.h">
      <Filter>Graphics</Filter>
    </ClInclude>
    <ClInclude Include="DX12\Texture12.h">
      <Filter>Graphics\DX12</Filter>
    </ClInclude>
    <ClInclude Include="VK\TextureVk.h">
      <Filter>Graphics\VK</Filter>
    </ClInclude>
    <ClInclude Include="DX12\DDSTextureLoader12.h">
      <Filter>Graphics\DX12</Filter>
    </ClInclude>
    <ClInclude Include="dds.h">
      <Filter>Graphics</Filter>
    </ClInclude>
    <ClInclude Include="Model.h">
      <Filter>Graphics</Filter>
    </ClInclude>
    <ClInclude Include="DX12\DynamicDescriptorHeap12.h">
      <Filter>Graphics\DX12</Filter>
    </ClInclude>
    <ClInclude Include="VK\DDSTextureLoaderVk.h">
      <Filter>Graphics\VK</Filter>
    </ClInclude>
    <ClInclude Include="KTXTextureLoader.h">
      <Filter>Graphics\Resources</Filter>
    </ClInclude>
    <ClInclude Include="Input.h" />
    <ClInclude Include="CameraController.h" />
  </ItemGroup>
  <ItemGroup>
    <ClCompile Include="Stdafx.cpp" />
    <ClCompile Include="Application.cpp" />
    <ClCompile Include="Utility.cpp" />
    <ClCompile Include="DX12\SwapChain12.cpp">
      <Filter>Graphics\DX12</Filter>
    </ClCompile>
    <ClCompile Include="VK\SwapChainVk.cpp">
      <Filter>Graphics\VK</Filter>
    </ClCompile>
    <ClCompile Include="DX12\GraphicsDevice12.cpp">
      <Filter>Graphics\DX12</Filter>
    </ClCompile>
    <ClCompile Include="VK\GraphicsDeviceVk.cpp">
      <Filter>Graphics\VK</Filter>
    </ClCompile>
    <ClCompile Include="DX12\CommandListManager12.cpp">
      <Filter>Graphics\DX12</Filter>
    </ClCompile>
    <ClCompile Include="DX12\CommandAllocatorPool12.cpp">
      <Filter>Graphics\DX12</Filter>
    </ClCompile>
    <ClCompile Include="Math\Frustum.cpp">
      <Filter>Math</Filter>
    </ClCompile>
    <ClCompile Include="Camera.cpp">
      <Filter>Graphics</Filter>
    </ClCompile>
    <ClCompile Include="VK\GpuResourceVk.cpp">
      <Filter>Graphics\VK</Filter>
    </ClCompile>
    <ClCompile Include="DX12\GpuResource12.cpp">
      <Filter>Graphics\DX12</Filter>
    </ClCompile>
    <ClCompile Include="VK\GpuBufferVk.cpp">
      <Filter>Graphics\VK</Filter>
    </ClCompile>
    <ClCompile Include="DX12\GpuBuffer12.cpp">
      <Filter>Graphics\DX12</Filter>
    </ClCompile>
    <ClCompile Include="VK\CommandContextVk.cpp">
      <Filter>Graphics\VK</Filter>
    </ClCompile>
    <ClCompile Include="DX12\CommandContext12.cpp">
      <Filter>Graphics\DX12</Filter>
    </ClCompile>
    <ClCompile Include="VK\CommandBufferPoolVk.cpp">
      <Filter>Graphics\VK</Filter>
    </ClCompile>
    <ClCompile Include="DX12\DescriptorHeap12.cpp">
      <Filter>Graphics\DX12</Filter>
    </ClCompile>
    <ClCompile Include="DX12\LinearAllocator12.cpp">
      <Filter>Graphics\DX12</Filter>
    </ClCompile>
    <ClCompile Include="Filesystem.cpp" />
    <ClCompile Include="DX12\RootSignature12.cpp">
      <Filter>Graphics\DX12</Filter>
    </ClCompile>
    <ClCompile Include="VK\RootSignatureVk.cpp">
      <Filter>Graphics\VK</Filter>
    </ClCompile>
    <ClCompile Include="DX12\PipelineState12.cpp">
      <Filter>Graphics\DX12</Filter>
    </ClCompile>
    <ClCompile Include="VK\PipelineStateVk.cpp">
      <Filter>Graphics\VK</Filter>
    </ClCompile>
    <ClCompile Include="Shader.cpp">
      <Filter>Graphics</Filter>
    </ClCompile>
    <ClCompile Include="BinaryReader.cpp" />
    <ClCompile Include="DX12\PixelBuffer12.cpp">
      <Filter>Graphics\DX12</Filter>
    </ClCompile>
    <ClCompile Include="VK\PixelBufferVk.cpp">
      <Filter>Graphics\VK</Filter>
    </ClCompile>
    <ClCompile Include="DX12\ColorBuffer12.cpp">
      <Filter>Graphics\DX12</Filter>
    </ClCompile>
    <ClCompile Include="VK\ColorBufferVk.cpp">
      <Filter>Graphics\VK</Filter>
    </ClCompile>
    <ClCompile Include="Color.cpp" />
    <ClCompile Include="DX12\DepthBuffer12.cpp">
      <Filter>Graphics\DX12</Filter>
    </ClCompile>
    <ClCompile Include="VK\DepthBufferVk.cpp">
      <Filter>Graphics\VK</Filter>
    </ClCompile>
    <ClCompile Include="DX12\Framebuffer12.cpp">
      <Filter>Graphics\DX12</Filter>
    </ClCompile>
    <ClCompile Include="VK\FramebufferVk.cpp">
      <Filter>Graphics\VK</Filter>
    </ClCompile>
    <ClCompile Include="DX12\RenderPass12.cpp">
      <Filter>Graphics\DX12</Filter>
    </ClCompile>
    <ClCompile Include="VK\RenderPassVk.cpp">
      <Filter>Graphics\VK</Filter>
    </ClCompile>
    <ClCompile Include="VK\GraphicsEnumsVk.cpp">
      <Filter>Graphics\VK</Filter>
    </ClCompile>
    <ClCompile Include="DX12\GraphicsEnums12.cpp">
      <Filter>Graphics\DX12</Filter>
    </ClCompile>
    <ClCompile Include="CommonStates.cpp">
      <Filter>Graphics</Filter>
    </ClCompile>
    <ClCompile Include="Hash.cpp" />
    <ClCompile Include="VK\DescriptorHeapVk.cpp">
      <Filter>Graphics\VK</Filter>
    </ClCompile>
    <ClCompile Include="VK\DynamicDescriptorPoolVk.cpp">
      <Filter>Graphics\VK</Filter>
    </ClCompile>
    <ClCompile Include="VK\CommandListManagerVk.cpp">
      <Filter>Graphics\VK</Filter>
    </ClCompile>
    <ClCompile Include="DX12\Texture12.cpp">
      <Filter>Graphics\DX12</Filter>
    </ClCompile>
    <ClCompile Include="VK\TextureVk.cpp">
      <Filter>Graphics\VK</Filter>
    </ClCompile>
    <ClCompile Include="DX12\DDSTextureLoader12.cpp">
      <Filter>Graphics\DX12</Filter>
    </ClCompile>
    <ClCompile Include="Model.cpp">
      <Filter>Graphics</Filter>
    </ClCompile>
    <ClCompile Include="DX12\DynamicDescriptorHeap12.cpp">
      <Filter>Graphics\DX12</Filter>
    </ClCompile>
    <ClCompile Include="VK\DDSTextureLoaderVk.cpp">
      <Filter>Graphics\VK</Filter>
    </ClCompile>
    <ClCompile Include="KTXTextureLoader.cpp">
      <Filter>Graphics\Resources</Filter>
    </ClCompile>
    <ClCompile Include="Input.cpp" />
    <ClCompile Include="CameraController.cpp" />
  </ItemGroup>
  <ItemGroup>
    <Filter Include="Graphics">
      <UniqueIdentifier>{19ce4d68-b5da-4c64-b3de-1c6e95625366}</UniqueIdentifier>
    </Filter>
    <Filter Include="Graphics\DX12">
      <UniqueIdentifier>{539a48a4-7115-4371-8136-de01278ead57}</UniqueIdentifier>
    </Filter>
    <Filter Include="Graphics\VK">
      <UniqueIdentifier>{85385d4f-e200-465e-9b65-a58b4a0c5b20}</UniqueIdentifier>
    </Filter>
    <Filter Include="Math">
      <UniqueIdentifier>{6e4055e6-3c38-4e3f-b669-c035ab609ab7}</UniqueIdentifier>
    </Filter>
    <Filter Include="Graphics\Resources">
      <UniqueIdentifier>{df89c8a2-9a4f-44e2-8031-febe351dfa20}</UniqueIdentifier>
    </Filter>
  </ItemGroup>
  <ItemGroup>
    <None Include="Math\Functions.inl">
      <Filter>Math</Filter>
    </None>
  </ItemGroup>
</Project>