<?xml version="1.0" encoding="utf-8"?>
<Project ToolsVersion="4.0" xmlns="http://schemas.microsoft.com/developer/msbuild/2003">
  <ItemGroup>
    <ClInclude Include="Stdafx.h" />
    <ClInclude Include="Application.h" />
    <ClInclude Include="Utility.h" />
    <ClInclude Include="Math\CommonMath.h">
      <Filter>Math</Filter>
    </ClInclude>
    <ClInclude Include="Math\Scalar.h">
      <Filter>Math</Filter>
    </ClInclude>
    <ClInclude Include="Math\Vector.h">
      <Filter>Math</Filter>
    </ClInclude>
    <ClInclude Include="Math\Quaternion.h">
      <Filter>Math</Filter>
    </ClInclude>
    <ClInclude Include="Math\Matrix3.h">
      <Filter>Math</Filter>
    </ClInclude>
    <ClInclude Include="Math\Transform.h">
      <Filter>Math</Filter>
    </ClInclude>
    <ClInclude Include="Math\Matrix4.h">
      <Filter>Math</Filter>
    </ClInclude>
    <ClInclude Include="VectorMath.h" />
    <ClInclude Include="Math\BoundingPlane.h">
      <Filter>Math</Filter>
    </ClInclude>
    <ClInclude Include="Math\BoundingSphere.h">
      <Filter>Math</Filter>
    </ClInclude>
    <ClInclude Include="Math\Frustum.h">
      <Filter>Math</Filter>
    </ClInclude>
    <ClInclude Include="NonCopyable.h" />
    <ClInclude Include="Filesystem.h" />
    <ClInclude Include="Hash.h" />
    <ClInclude Include="BinaryReader.h" />
    <ClInclude Include="Color.h" />
    <ClInclude Include="BitmaskEnum.h" />
    <ClInclude Include="Input.h" />
    <ClInclude Include="CameraController.h" />
    <ClInclude Include="Math\Random.h">
      <Filter>Math</Filter>
    </ClInclude>
    <ClInclude Include="Log.h" />
    <ClInclude Include="Extern\VulkanMemoryAllocator\vk_mem_alloc.h">
      <Filter>Graphics\VK\VulkanMemoryAllocator</Filter>
    </ClInclude>
    <ClInclude Include="Extern\D3D12MemoryAllocator\D3D12MemAlloc.h">
      <Filter>Graphics\DX12\D3D12MemoryAllocator</Filter>
    </ClInclude>
    <ClInclude Include="EnginePch.h" />
    <ClInclude Include="Graphics\Camera.h">
      <Filter>Graphics</Filter>
    </ClInclude>
    <ClInclude Include="Graphics\ColorBuffer.h">
      <Filter>Graphics</Filter>
    </ClInclude>
    <ClInclude Include="Graphics\CommandContext.h">
      <Filter>Graphics</Filter>
    </ClInclude>
    <ClInclude Include="Graphics\CommonStates.h">
      <Filter>Graphics</Filter>
    </ClInclude>
    <ClInclude Include="Graphics\dds.h">
      <Filter>Graphics</Filter>
    </ClInclude>
    <ClInclude Include="Graphics\DepthBuffer.h">
      <Filter>Graphics</Filter>
    </ClInclude>
    <ClInclude Include="Graphics\DescriptorHeap.h">
      <Filter>Graphics</Filter>
    </ClInclude>
    <ClInclude Include="Graphics\Framebuffer.h">
      <Filter>Graphics</Filter>
    </ClInclude>
    <ClInclude Include="Graphics\GpuBuffer.h">
      <Filter>Graphics</Filter>
    </ClInclude>
    <ClInclude Include="Graphics\GpuImage.h">
      <Filter>Graphics</Filter>
    </ClInclude>
    <ClInclude Include="Graphics\GpuResource.h">
      <Filter>Graphics</Filter>
    </ClInclude>
    <ClInclude Include="Graphics\GraphicsDevice.h">
      <Filter>Graphics</Filter>
    </ClInclude>
    <ClInclude Include="Graphics\GraphicsEnums.h">
      <Filter>Graphics</Filter>
    </ClInclude>
    <ClInclude Include="Graphics\GraphicsFeatures.h">
      <Filter>Graphics</Filter>
    </ClInclude>
    <ClInclude Include="Graphics\InputLayout.h">
      <Filter>Graphics</Filter>
    </ClInclude>
    <ClInclude Include="Graphics\Model.h">
      <Filter>Graphics</Filter>
    </ClInclude>
    <ClInclude Include="Graphics\Resources\KTXTextureLoader.h">
      <Filter>Graphics\Resources</Filter>
    </ClInclude>
    <ClInclude Include="Graphics\PipelineState.h">
      <Filter>Graphics</Filter>
    </ClInclude>
    <ClInclude Include="Graphics\PixelBuffer.h">
      <Filter>Graphics</Filter>
    </ClInclude>
    <ClInclude Include="Graphics\ResourceSet.h">
      <Filter>Graphics</Filter>
    </ClInclude>
    <ClInclude Include="Graphics\QueryHeap.h">
      <Filter>Graphics</Filter>
    </ClInclude>
    <ClInclude Include="Graphics\RootSignature.h">
      <Filter>Graphics</Filter>
    </ClInclude>
    <ClInclude Include="Graphics\SamplerState.h">
      <Filter>Graphics</Filter>
    </ClInclude>
    <ClInclude Include="Graphics\Shader.h">
      <Filter>Graphics</Filter>
    </ClInclude>
    <ClInclude Include="Graphics\Texture.h">
      <Filter>Graphics</Filter>
    </ClInclude>
    <ClInclude Include="Graphics\UIOverlay.h">
      <Filter>Graphics</Filter>
    </ClInclude>
    <ClInclude Include="Graphics\DX12\CommandAllocatorPool12.h">
      <Filter>Graphics\DX12</Filter>
    </ClInclude>
    <ClInclude Include="Graphics\DX12\CommandContext12.h">
      <Filter>Graphics\DX12</Filter>
    </ClInclude>
    <ClInclude Include="Graphics\DX12\CommandListManager12.h">
      <Filter>Graphics\DX12</Filter>
    </ClInclude>
    <ClInclude Include="Graphics\DX12\DDSTextureLoader12.h">
      <Filter>Graphics\DX12</Filter>
    </ClInclude>
    <ClInclude Include="Graphics\DX12\DescriptorHeap12.h">
      <Filter>Graphics\DX12</Filter>
    </ClInclude>
    <ClInclude Include="Graphics\DX12\DynamicDescriptorHeap12.h">
      <Filter>Graphics\DX12</Filter>
    </ClInclude>
    <ClInclude Include="Graphics\DX12\GraphicsDevice12.h">
      <Filter>Graphics\DX12</Filter>
    </ClInclude>
    <ClInclude Include="Graphics\DX12\GraphicsEnums12.h">
      <Filter>Graphics\DX12</Filter>
    </ClInclude>
    <ClInclude Include="Graphics\DX12\LinearAllocator12.h">
      <Filter>Graphics\DX12</Filter>
    </ClInclude>
    <ClInclude Include="Graphics\DX12\Platform12.h">
      <Filter>Graphics\DX12</Filter>
    </ClInclude>
    <ClInclude Include="Graphics\DX12\ResourceSet12.h">
      <Filter>Graphics\DX12</Filter>
    </ClInclude>
    <ClInclude Include="Graphics\DX12\RootSignature12.h">
      <Filter>Graphics\DX12</Filter>
    </ClInclude>
    <ClInclude Include="Graphics\DX12\Util12.h">
      <Filter>Graphics\DX12</Filter>
    </ClInclude>
    <ClInclude Include="Graphics\VK\CommandBufferPoolVk.h">
      <Filter>Graphics\VK</Filter>
    </ClInclude>
    <ClInclude Include="Graphics\VK\CommandContextVk.h">
      <Filter>Graphics\VK</Filter>
    </ClInclude>
    <ClInclude Include="Graphics\VK\CommandListManagerVk.h">
      <Filter>Graphics\VK</Filter>
    </ClInclude>
    <ClInclude Include="Graphics\VK\DDSTextureLoaderVk.h">
      <Filter>Graphics\VK</Filter>
    </ClInclude>
    <ClInclude Include="Graphics\VK\DescriptorHeapVk.h">
      <Filter>Graphics\VK</Filter>
    </ClInclude>
    <ClInclude Include="Graphics\VK\GpuImageVk.h">
      <Filter>Graphics\VK</Filter>
    </ClInclude>
    <ClInclude Include="Graphics\VK\GraphicsDeviceVk.h">
      <Filter>Graphics\VK</Filter>
    </ClInclude>
    <ClInclude Include="Graphics\VK\GraphicsEnumsVk.h">
      <Filter>Graphics\VK</Filter>
    </ClInclude>
    <ClInclude Include="Graphics\VK\PlatformVk.h">
      <Filter>Graphics\VK</Filter>
    </ClInclude>
    <ClInclude Include="Graphics\VK\ResourceSetVk.h">
      <Filter>Graphics\VK</Filter>
    </ClInclude>
    <ClInclude Include="Graphics\VK\RootSignatureVk.h">
      <Filter>Graphics\VK</Filter>
    </ClInclude>
    <ClInclude Include="Graphics\VK\UtilVk.h">
      <Filter>Graphics\VK</Filter>
    </ClInclude>
    <ClInclude Include="Graphics\VK\RefCountingVk.h">
      <Filter>Graphics\VK</Filter>
    </ClInclude>
    <ClInclude Include="Graphics\VK\QueryHeapVk.h">
      <Filter>Graphics\VK</Filter>
    </ClInclude>
    <ClInclude Include="Graphics\DX12\QueryHeap12.h">
      <Filter>Graphics\DX12</Filter>
    </ClInclude>
    <ClInclude Include="Graphics\VK\GpuResourceVk.h">
      <Filter>Graphics\VK</Filter>
    </ClInclude>
    <ClInclude Include="Graphics\DX12\GpuResource12.h">
      <Filter>Graphics\DX12</Filter>
    </ClInclude>
    <ClInclude Include="Graphics\VK\PixelBufferVk.h">
      <Filter>Graphics\VK</Filter>
    </ClInclude>
    <ClInclude Include="Graphics\DX12\PixelBuffer12.h">
      <Filter>Graphics\DX12</Filter>
    </ClInclude>
    <ClInclude Include="Graphics\VK\DepthBufferVk.h">
      <Filter>Graphics\VK</Filter>
    </ClInclude>
    <ClInclude Include="Graphics\DX12\DepthBuffer12.h">
      <Filter>Graphics\DX12</Filter>
    </ClInclude>
    <ClInclude Include="Graphics\VK\ColorBufferVk.h">
      <Filter>Graphics\VK</Filter>
    </ClInclude>
    <ClInclude Include="Graphics\DX12\ColorBuffer12.h">
      <Filter>Graphics\DX12</Filter>
    </ClInclude>
    <ClInclude Include="Graphics\VK\GpuBufferVk.h">
      <Filter>Graphics\VK</Filter>
    </ClInclude>
    <ClInclude Include="Graphics\DX12\GpuBuffer12.h">
      <Filter>Graphics\DX12</Filter>
    </ClInclude>
    <ClInclude Include="Math\BoundingBox.h">
      <Filter>Math</Filter>
    </ClInclude>
    <ClInclude Include="Graphics\VK\FramebufferVk.h">
      <Filter>Graphics\VK</Filter>
    </ClInclude>
    <ClInclude Include="Graphics\DX12\Framebuffer12.h">
      <Filter>Graphics\DX12</Filter>
    </ClInclude>
    <ClInclude Include="Graphics\VK\PipelineStateBaseVk.h">
      <Filter>Graphics\VK</Filter>
    </ClInclude>
    <ClInclude Include="Graphics\DX12\PipelineStateBase12.h">
      <Filter>Graphics\DX12</Filter>
    </ClInclude>
    <ClInclude Include="Graphics\VK\TextureVk.h">
      <Filter>Graphics\VK</Filter>
    </ClInclude>
    <ClInclude Include="Graphics\DX12\Texture12.h">
      <Filter>Graphics\DX12</Filter>
    </ClInclude>
    <ClInclude Include="Graphics\Grid.h">
      <Filter>Graphics</Filter>
    </ClInclude>
    <ClInclude Include="Graphics\Material.h">
      <Filter>Graphics</Filter>
    </ClInclude>
  </ItemGroup>
  <ItemGroup>
    <ClCompile Include="Stdafx.cpp" />
    <ClCompile Include="Application.cpp" />
    <ClCompile Include="Utility.cpp" />
    <ClCompile Include="Math\Frustum.cpp">
      <Filter>Math</Filter>
    </ClCompile>
    <ClCompile Include="Filesystem.cpp" />
    <ClCompile Include="BinaryReader.cpp" />
    <ClCompile Include="Color.cpp" />
    <ClCompile Include="Hash.cpp" />
    <ClCompile Include="Input.cpp" />
    <ClCompile Include="CameraController.cpp" />
    <ClCompile Include="Math\Random.cpp">
      <Filter>Math</Filter>
    </ClCompile>
    <ClCompile Include="Log.cpp" />
    <ClCompile Include="Extern\D3D12MemoryAllocator\D3D12MemAlloc.cpp">
      <Filter>Graphics\DX12\D3D12MemoryAllocator</Filter>
    </ClCompile>
    <ClCompile Include="Graphics\Camera.cpp">
      <Filter>Graphics</Filter>
    </ClCompile>
    <ClCompile Include="Graphics\CommonStates.cpp">
      <Filter>Graphics</Filter>
    </ClCompile>
    <ClCompile Include="Graphics\GraphicsFeatures.cpp">
      <Filter>Graphics</Filter>
    </ClCompile>
    <ClCompile Include="Graphics\Model.cpp">
      <Filter>Graphics</Filter>
    </ClCompile>
    <ClCompile Include="Graphics\Resources\KTXTextureLoader.cpp">
      <Filter>Graphics\Resources</Filter>
    </ClCompile>
    <ClCompile Include="Graphics\PipelineState.cpp">
      <Filter>Graphics</Filter>
    </ClCompile>
    <ClCompile Include="Graphics\Shader.cpp">
      <Filter>Graphics</Filter>
    </ClCompile>
    <ClCompile Include="Graphics\UIOverlay.cpp">
      <Filter>Graphics</Filter>
    </ClCompile>
    <ClCompile Include="Graphics\DX12\ColorBuffer12.cpp">
      <Filter>Graphics\DX12</Filter>
    </ClCompile>
    <ClCompile Include="Graphics\DX12\CommandAllocatorPool12.cpp">
      <Filter>Graphics\DX12</Filter>
    </ClCompile>
    <ClCompile Include="Graphics\DX12\CommandContext12.cpp">
      <Filter>Graphics\DX12</Filter>
    </ClCompile>
    <ClCompile Include="Graphics\DX12\CommandListManager12.cpp">
      <Filter>Graphics\DX12</Filter>
    </ClCompile>
    <ClCompile Include="Graphics\DX12\DDSTextureLoader12.cpp">
      <Filter>Graphics\DX12</Filter>
    </ClCompile>
    <ClCompile Include="Graphics\DX12\DepthBuffer12.cpp">
      <Filter>Graphics\DX12</Filter>
    </ClCompile>
    <ClCompile Include="Graphics\DX12\DescriptorHeap12.cpp">
      <Filter>Graphics\DX12</Filter>
    </ClCompile>
    <ClCompile Include="Graphics\DX12\DynamicDescriptorHeap12.cpp">
      <Filter>Graphics\DX12</Filter>
    </ClCompile>
    <ClCompile Include="Graphics\DX12\Framebuffer12.cpp">
      <Filter>Graphics\DX12</Filter>
    </ClCompile>
    <ClCompile Include="Graphics\DX12\GpuBuffer12.cpp">
      <Filter>Graphics\DX12</Filter>
    </ClCompile>
    <ClCompile Include="Graphics\DX12\GraphicsDevice12.cpp">
      <Filter>Graphics\DX12</Filter>
    </ClCompile>
    <ClCompile Include="Graphics\DX12\GraphicsEnums12.cpp">
      <Filter>Graphics\DX12</Filter>
    </ClCompile>
    <ClCompile Include="Graphics\DX12\LinearAllocator12.cpp">
      <Filter>Graphics\DX12</Filter>
    </ClCompile>
    <ClCompile Include="Graphics\DX12\PipelineState12.cpp">
      <Filter>Graphics\DX12</Filter>
    </ClCompile>
    <ClCompile Include="Graphics\DX12\QueryHeap12.cpp">
      <Filter>Graphics\DX12</Filter>
    </ClCompile>
    <ClCompile Include="Graphics\DX12\ResourceSet12.cpp">
      <Filter>Graphics\DX12</Filter>
    </ClCompile>
    <ClCompile Include="Graphics\DX12\RootSignature12.cpp">
      <Filter>Graphics\DX12</Filter>
    </ClCompile>
    <ClCompile Include="Graphics\DX12\Texture12.cpp">
      <Filter>Graphics\DX12</Filter>
    </ClCompile>
    <ClCompile Include="Graphics\DX12\Util12.cpp">
      <Filter>Graphics\DX12</Filter>
    </ClCompile>
    <ClCompile Include="Graphics\VK\ColorBufferVk.cpp">
      <Filter>Graphics\VK</Filter>
    </ClCompile>
    <ClCompile Include="Graphics\VK\CommandBufferPoolVk.cpp">
      <Filter>Graphics\VK</Filter>
    </ClCompile>
    <ClCompile Include="Graphics\VK\CommandContextVk.cpp">
      <Filter>Graphics\VK</Filter>
    </ClCompile>
    <ClCompile Include="Graphics\VK\CommandListManagerVk.cpp">
      <Filter>Graphics\VK</Filter>
    </ClCompile>
    <ClCompile Include="Graphics\VK\DDSTextureLoaderVk.cpp">
      <Filter>Graphics\VK</Filter>
    </ClCompile>
    <ClCompile Include="Graphics\VK\DepthBufferVk.cpp">
      <Filter>Graphics\VK</Filter>
    </ClCompile>
    <ClCompile Include="Graphics\VK\DescriptorHeapVk.cpp">
      <Filter>Graphics\VK</Filter>
    </ClCompile>
    <ClCompile Include="Graphics\VK\FramebufferVk.cpp">
      <Filter>Graphics\VK</Filter>
    </ClCompile>
    <ClCompile Include="Graphics\VK\GpuBufferVk.cpp">
      <Filter>Graphics\VK</Filter>
    </ClCompile>
    <ClCompile Include="Graphics\VK\GraphicsDeviceVk.cpp">
      <Filter>Graphics\VK</Filter>
    </ClCompile>
    <ClCompile Include="Graphics\VK\GraphicsEnumsVk.cpp">
      <Filter>Graphics\VK</Filter>
    </ClCompile>
    <ClCompile Include="Graphics\VK\PipelineStateVk.cpp">
      <Filter>Graphics\VK</Filter>
    </ClCompile>
    <ClCompile Include="Graphics\VK\QueryHeapVk.cpp">
      <Filter>Graphics\VK</Filter>
    </ClCompile>
    <ClCompile Include="Graphics\VK\ResourceSetVk.cpp">
      <Filter>Graphics\VK</Filter>
    </ClCompile>
    <ClCompile Include="Graphics\VK\RootSignatureVk.cpp">
      <Filter>Graphics\VK</Filter>
    </ClCompile>
    <ClCompile Include="Graphics\VK\TextureVk.cpp">
      <Filter>Graphics\VK</Filter>
    </ClCompile>
    <ClCompile Include="Graphics\VK\UtilVk.cpp">
      <Filter>Graphics\VK</Filter>
    </ClCompile>
    <ClCompile Include="Graphics\VK\RefCountingVk.cpp">
      <Filter>Graphics\VK</Filter>
    </ClCompile>
    <ClCompile Include="Graphics\VK\GpuResourceVk.cpp">
      <Filter>Graphics\VK</Filter>
    </ClCompile>
    <ClCompile Include="Graphics\DX12\GpuResource12.cpp">
      <Filter>Graphics\DX12</Filter>
    </ClCompile>
    <ClCompile Include="Graphics\Grid.cpp">
      <Filter>Graphics</Filter>
    </ClCompile>
    <ClCompile Include="Math\BoundingBox.cpp">
      <Filter>Math</Filter>
    </ClCompile>
  </ItemGroup>
  <ItemGroup>
    <Filter Include="Graphics">
      <UniqueIdentifier>{19ce4d68-b5da-4c64-b3de-1c6e95625366}</UniqueIdentifier>
    </Filter>
    <Filter Include="Graphics\DX12">
      <UniqueIdentifier>{539a48a4-7115-4371-8136-de01278ead57}</UniqueIdentifier>
    </Filter>
    <Filter Include="Graphics\VK">
      <UniqueIdentifier>{85385d4f-e200-465e-9b65-a58b4a0c5b20}</UniqueIdentifier>
    </Filter>
    <Filter Include="Math">
      <UniqueIdentifier>{6e4055e6-3c38-4e3f-b669-c035ab609ab7}</UniqueIdentifier>
    </Filter>
    <Filter Include="Graphics\Resources">
      <UniqueIdentifier>{df89c8a2-9a4f-44e2-8031-febe351dfa20}</UniqueIdentifier>
    </Filter>
    <Filter Include="Graphics\Shaders">
      <UniqueIdentifier>{f04b60cd-3c95-4fa0-b8f4-9fedce18ea93}</UniqueIdentifier>
    </Filter>
    <Filter Include="Graphics\Shaders\UI">
      <UniqueIdentifier>{23b14d49-0f2b-4293-8df5-c248809cf292}</UniqueIdentifier>
    </Filter>
    <Filter Include="Graphics\Shaders\Common">
      <UniqueIdentifier>{c56cfd45-2e8e-4414-8a17-ccaa76eedb2e}</UniqueIdentifier>
    </Filter>
    <Filter Include="Graphics\VK\VulkanMemoryAllocator">
      <UniqueIdentifier>{754fa133-4b0b-4073-9888-247834a05e8f}</UniqueIdentifier>
    </Filter>
    <Filter Include="Graphics\DX12\D3D12MemoryAllocator">
      <UniqueIdentifier>{087ccbbe-b36b-4ec1-877d-7aec93736c42}</UniqueIdentifier>
    </Filter>
    <Filter Include="Graphics\Geometry">
      <UniqueIdentifier>{79caba74-dc86-4461-8bcf-b0e4de81e99f}</UniqueIdentifier>
    </Filter>
  </ItemGroup>
  <ItemGroup>
    <None Include="Math\Functions.inl">
      <Filter>Math</Filter>
    </None>
    <None Include="packages.config" />
    <None Include="Shaders\Common\Common.hlsli">
      <Filter>Graphics\Shaders\Common</Filter>
    </None>
  </ItemGroup>
  <ItemGroup>
    <CustomBuild Include="Shaders\UIPS.hlsl">
      <Filter>Graphics\Shaders\UI</Filter>
    </CustomBuild>
    <CustomBuild Include="Shaders\UIVS.hlsl">
      <Filter>Graphics\Shaders\UI</Filter>
    </CustomBuild>
    <CustomBuild Include="Shaders\GridVS.hlsl">
      <Filter>Graphics\Shaders</Filter>
    </CustomBuild>
    <CustomBuild Include="Shaders\GridPS.hlsl">
      <Filter>Graphics\Shaders</Filter>
    </CustomBuild>
  </ItemGroup>
  <ItemGroup>
    <Natvis Include="Extern\VulkanMemoryAllocator\vk_mem_alloc.natvis">
      <Filter>Graphics\VK\VulkanMemoryAllocator</Filter>
    </Natvis>
    <Natvis Include="Extern\D3D12MemoryAllocator\D3D12MemAlloc.natvis">
      <Filter>Graphics\DX12\D3D12MemoryAllocator</Filter>
    </Natvis>
  </ItemGroup>
</Project>