<?xml version="1.0" encoding="utf-8"?>
<Project ToolsVersion="4.0" xmlns="http://schemas.microsoft.com/developer/msbuild/2003">
  <ItemGroup>
    <ClCompile Include="Main.cpp" />
    <ClCompile Include="Stdafx.cpp" />
    <ClCompile Include="SmokeSimApp.cpp" />
    <ClCompile Include="FluidEngine.cpp" />
    <ClCompile Include="Voxelizer.cpp" />
    <ClCompile Include="SmokeSimUtils.cpp" />
  </ItemGroup>
  <ItemGroup>
    <ClInclude Include="Stdafx.h" />
    <ClInclude Include="SmokeSimApp.h" />
    <ClInclude Include="FluidEngine.h" />
    <ClInclude Include="Voxelizer.h" />
    <ClInclude Include="SmokeSimUtils.h" />
  </ItemGroup>
  <ItemGroup>
    <None Include="packages.config" />
    <None Include="Shaders\Fluids\Fluids.hlsli">
      <Filter>Shaders\Fluids</Filter>
    </None>
  </ItemGroup>
  <ItemGroup>
    <Filter Include="Shaders">
      <UniqueIdentifier>{fe15a31a-0115-48b5-846c-84558a3bbda9}</UniqueIdentifier>
    </Filter>
    <Filter Include="Shaders\Fluids">
      <UniqueIdentifier>{73745216-6833-4997-80bc-baa0c29e08cf}</UniqueIdentifier>
    </Filter>
    <Filter Include="Shaders\Voxelizer">
      <UniqueIdentifier>{2d2aea47-e4d9-4421-ada3-3d14392b452b}</UniqueIdentifier>
    </Filter>
  </ItemGroup>
  <ItemGroup>
    <CustomBuild Include="Shaders\MeshVS.hlsl">
      <Filter>Shaders</Filter>
    </CustomBuild>
    <CustomBuild Include="Shaders\MeshPS.hlsl">
      <Filter>Shaders</Filter>
    </CustomBuild>
    <CustomBuild Include="Shaders\Fluids\GridVS.hlsl">
      <Filter>Shaders\Fluids</Filter>
    </CustomBuild>
    <CustomBuild Include="Shaders\Fluids\AdvectBFECCPS.hlsl">
      <Filter>Shaders\Fluids</Filter>
    </CustomBuild>
    <CustomBuild Include="Shaders\Fluids\AdvectPS.hlsl">
      <Filter>Shaders\Fluids</Filter>
    </CustomBuild>
    <CustomBuild Include="Shaders\Fluids\AdvectVelPS.hlsl">
      <Filter>Shaders\Fluids</Filter>
    </CustomBuild>
    <CustomBuild Include="Shaders\Fluids\ArrayGS.hlsl">
      <Filter>Shaders\Fluids</Filter>
    </CustomBuild>
    <CustomBuild Include="Shaders\Fluids\ArrayLineGS.hlsl">
      <Filter>Shaders\Fluids</Filter>
    </CustomBuild>
    <CustomBuild Include="Shaders\Fluids\ConfinementPS.hlsl">
      <Filter>Shaders\Fluids</Filter>
    </CustomBuild>
    <CustomBuild Include="Shaders\Fluids\DivergencePS.hlsl">
      <Filter>Shaders\Fluids</Filter>
    </CustomBuild>
    <CustomBuild Include="Shaders\Fluids\DrawBoxPS.hlsl">
      <Filter>Shaders\Fluids</Filter>
    </CustomBuild>
    <CustomBuild Include="Shaders\Fluids\DrawTexturePS.hlsl">
      <Filter>Shaders\Fluids</Filter>
    </CustomBuild>
    <CustomBuild Include="Shaders\Fluids\DrawWhitePS.hlsl">
      <Filter>Shaders\Fluids</Filter>
    </CustomBuild>
    <CustomBuild Include="Shaders\Fluids\GaussianPS.hlsl">
      <Filter>Shaders\Fluids</Filter>
    </CustomBuild>
    <CustomBuild Include="Shaders\Fluids\JacobiPS.hlsl">
      <Filter>Shaders\Fluids</Filter>
    </CustomBuild>
    <CustomBuild Include="Shaders\Fluids\VorticityPS.hlsl">
      <Filter>Shaders\Fluids</Filter>
    </CustomBuild>
    <CustomBuild Include="Shaders\Fluids\ProjectPS.hlsl">
      <Filter>Shaders\Fluids</Filter>
    </CustomBuild>
    <CustomBuild Include="Shaders\Voxelizer\ResolveGS.hlsl" />
    <CustomBuild Include="Shaders\Voxelizer\ResolvePS.hlsl" />
    <CustomBuild Include="Shaders\Voxelizer\ResolveVS.hlsl" />
    <CustomBuild Include="Shaders\Voxelizer\VoxelizeVS.hlsl" />
    <CustomBuild Include="Shaders\Voxelizer\GenVelocityGS.hlsl" />
    <CustomBuild Include="Shaders\Voxelizer\GenVelocityPS.hlsl" />
    <CustomBuild Include="Shaders\Voxelizer\GenVelocityVS.hlsl" />
    <CustomBuild Include="Shaders\Voxelizer\VoxelizePS.hlsl">
      <Filter>Shaders\Voxelizer</Filter>
    </CustomBuild>
  </ItemGroup>
</Project>