<?xml version="1.0" encoding="utf-8"?>
<Project ToolsVersion="4.0" xmlns="http://schemas.microsoft.com/developer/msbuild/2003">
  <ItemGroup>
    <ClCompile Include="Main.cpp" />
    <ClCompile Include="Stdafx.cpp" />
    <ClCompile Include="TextureApp.cpp" />
  </ItemGroup>
  <ItemGroup>
    <ClInclude Include="Stdafx.h" />
    <ClInclude Include="TextureApp.h" />
  </ItemGroup>
  <ItemGroup>
    <Filter Include="Shaders">
      <UniqueIdentifier>{013c9038-0a6b-43c7-a098-87271757e651}</UniqueIdentifier>
    </Filter>
    <Filter Include="Shaders\GLSL">
      <UniqueIdentifier>{e7dbfd5d-4ee7-40b4-b446-83c521de4f21}</UniqueIdentifier>
    </Filter>
    <Filter Include="Shaders\HLSL">
      <UniqueIdentifier>{ae23b3e0-bf34-4d6a-8725-e49eea94f8eb}</UniqueIdentifier>
    </Filter>
  </ItemGroup>
  <ItemGroup>
    <CustomBuild Include="Shaders\TextureVS.glsl">
      <Filter>Shaders\GLSL</Filter>
    </CustomBuild>
    <CustomBuild Include="Shaders\TexturePS.glsl">
      <Filter>Shaders\GLSL</Filter>
    </CustomBuild>
    <CustomBuild Include="Shaders\TextureVS.hlsl">
      <Filter>Shaders\HLSL</Filter>
    </CustomBuild>
    <CustomBuild Include="Shaders\TexturePS.hlsl">
      <Filter>Shaders\HLSL</Filter>
    </CustomBuild>
  </ItemGroup>
</Project>