<?xml version="1.0" encoding="utf-8"?>
<Project ToolsVersion="4.0" xmlns="http://schemas.microsoft.com/developer/msbuild/2003">
  <ItemGroup>
    <ClInclude Include="Stdafx.h" />
    <ClInclude Include="TriangleApp.h" />
  </ItemGroup>
  <ItemGroup>
    <ClCompile Include="Stdafx.cpp" />
    <ClCompile Include="Main.cpp" />
    <ClCompile Include="TriangleApp.cpp" />
  </ItemGroup>
  <ItemGroup>
    <Filter Include="Shaders">
      <UniqueIdentifier>{ab9cb6f4-a653-4a16-b692-31e976a44e9e}</UniqueIdentifier>
    </Filter>
    <Filter Include="Shaders\HLSL">
      <UniqueIdentifier>{ae5ee4f1-587e-4de6-b4bc-d6c9a9d4dffe}</UniqueIdentifier>
    </Filter>
    <Filter Include="Shaders\GLSL">
      <UniqueIdentifier>{57c40999-af93-425a-8988-752a547eb7c1}</UniqueIdentifier>
    </Filter>
  </ItemGroup>
  <ItemGroup>
    <CustomBuild Include="Shaders\TriangleVS.hlsl">
      <Filter>Shaders\HLSL</Filter>
    </CustomBuild>
    <CustomBuild Include="Shaders\TrianglePS.hlsl">
      <Filter>Shaders\HLSL</Filter>
    </CustomBuild>
  </ItemGroup>
  <ItemGroup>
    <None Include="Shaders\TriangleVS.glsl">
      <Filter>Shaders\GLSL</Filter>
    </None>
    <None Include="Shaders\TrianglePS.glsl">
      <Filter>Shaders\GLSL</Filter>
    </None>
  </ItemGroup>
</Project>